
Microsoft Visual Studio Solution File, Format Version 12.00
# Visual Studio 2013
VisualStudioVersion = 12.0.31101.0
MinimumVisualStudioVersion = 10.0.40219.1
Project("{FAE04EC0-301F-11D3-BF4B-00C04F79EFBC}") = "Task_1", "EmptyProject\Task_1.csproj", "{4BB5157C-148A-47BF-94EE-9FE27A3FA972}"
EndProject
Project("{FAE04EC0-301F-11D3-BF4B-00C04F79EFBC}") = "Task_2", "Task_2\Task_2.csproj", "{A86FC13F-4230-41FD-8D30-A3CB9B8F6C4B}"
EndProject
Project("{FAE04EC0-301F-11D3-BF4B-00C04F79EFBC}") = "Task_3", "Task_3\Task_3.csproj", "{66DAA02D-3B37-40E1-8252-D2BDA25AC77F}"
EndProject
Project("{FAE04EC0-301F-11D3-BF4B-00C04F79EFBC}") = "Task_4", "Task_4\Task_4.csproj", "{27DB9C09-A856-47A3-99DE-9E4C8D17FC43}"
EndProject
Project("{FAE04EC0-301F-11D3-BF4B-00C04F79EFBC}") = "Task_5", "Task_5\Task_5.csproj", "{7CD6EFD1-1049-40A2-BB35-5F55465D27D3}"
EndProject
Project("{FAE04EC0-301F-11D3-BF4B-00C04F79EFBC}") = "Task_6", "Task_6\Task_6.csproj", "{696444D3-990C-4D21-8416-8FB9B78E9E2E}"
EndProject
Global
	GlobalSection(SolutionConfigurationPlatforms) = preSolution
		Debug|Any CPU = Debug|Any CPU
		Release|Any CPU = Release|Any CPU
	EndGlobalSection
	GlobalSection(ProjectConfigurationPlatforms) = postSolution
		{4BB5157C-148A-47BF-94EE-9FE27A3FA972}.Debug|Any CPU.ActiveCfg = Debug|Any CPU
		{4BB5157C-148A-47BF-94EE-9FE27A3FA972}.Debug|Any CPU.Build.0 = Debug|Any CPU
		{4BB5157C-148A-47BF-94EE-9FE27A3FA972}.Release|Any CPU.ActiveCfg = Release|Any CPU
		{4BB5157C-148A-47BF-94EE-9FE27A3FA972}.Release|Any CPU.Build.0 = Release|Any CPU
		{A86FC13F-4230-41FD-8D30-A3CB9B8F6C4B}.Debug|Any CPU.ActiveCfg = Debug|Any CPU
		{A86FC13F-4230-41FD-8D30-A3CB9B8F6C4B}.Debug|Any CPU.Build.0 = Debug|Any CPU
		{A86FC13F-4230-41FD-8D30-A3CB9B8F6C4B}.Release|Any CPU.ActiveCfg = Release|Any CPU
		{A86FC13F-4230-41FD-8D30-A3CB9B8F6C4B}.Release|Any CPU.Build.0 = Release|Any CPU
		{66DAA02D-3B37-40E1-8252-D2BDA25AC77F}.Debug|Any CPU.ActiveCfg = Debug|Any CPU
		{66DAA02D-3B37-40E1-8252-D2BDA25AC77F}.Debug|Any CPU.Build.0 = Debug|Any CPU
		{66DAA02D-3B37-40E1-8252-D2BDA25AC77F}.Release|Any CPU.ActiveCfg = Release|Any CPU
		{66DAA02D-3B37-40E1-8252-D2BDA25AC77F}.Release|Any CPU.Build.0 = Release|Any CPU
		{27DB9C09-A856-47A3-99DE-9E4C8D17FC43}.Debug|Any CPU.ActiveCfg = Debug|Any CPU
		{27DB9C09-A856-47A3-99DE-9E4C8D17FC43}.Debug|Any CPU.Build.0 = Debug|Any CPU
		{27DB9C09-A856-47A3-99DE-9E4C8D17FC43}.Release|Any CPU.ActiveCfg = Release|Any CPU
		{27DB9C09-A856-47A3-99DE-9E4C8D17FC43}.Release|Any CPU.Build.0 = Release|Any CPU
		{7CD6EFD1-1049-40A2-BB35-5F55465D27D3}.Debug|Any CPU.ActiveCfg = Debug|Any CPU
		{7CD6EFD1-1049-40A2-BB35-5F55465D27D3}.Debug|Any CPU.Build.0 = Debug|Any CPU
		{7CD6EFD1-1049-40A2-BB35-5F55465D27D3}.Release|Any CPU.ActiveCfg = Release|Any CPU
		{7CD6EFD1-1049-40A2-BB35-5F55465D27D3}.Release|Any CPU.Build.0 = Release|Any CPU
		{696444D3-990C-4D21-8416-8FB9B78E9E2E}.Debug|Any CPU.ActiveCfg = Debug|Any CPU
		{696444D3-990C-4D21-8416-8FB9B78E9E2E}.Debug|Any CPU.Build.0 = Debug|Any CPU
		{696444D3-990C-4D21-8416-8FB9B78E9E2E}.Release|Any CPU.ActiveCfg = Release|Any CPU
		{696444D3-990C-4D21-8416-8FB9B78E9E2E}.Release|Any CPU.Build.0 = Release|Any CPU
	EndGlobalSection
	GlobalSection(SolutionProperties) = preSolution
		HideSolutionNode = FALSE
	EndGlobalSection
EndGlobal
